
Microsoft Visual Studio Solution File, Format Version 12.00
# Visual Studio 15
VisualStudioVersion = 15.0.27428.2043
MinimumVisualStudioVersion = 10.0.40219.1
Project("{FAE04EC0-301F-11D3-BF4B-00C04F79EFBC}") = "devdap-cardealer", "devdap-cardealer\devdap-cardealer.csproj", "{69DB3051-C454-4A6E-B655-6DEAF33DDA9C}"
EndProject
Global
	GlobalSection(SolutionConfigurationPlatforms) = preSolution
		Debug|Any CPU = Debug|Any CPU
		Release|Any CPU = Release|Any CPU
	EndGlobalSection
	GlobalSection(ProjectConfigurationPlatforms) = postSolution
		{69DB3051-C454-4A6E-B655-6DEAF33DDA9C}.Debug|Any CPU.ActiveCfg = Debug|Any CPU
		{69DB3051-C454-4A6E-B655-6DEAF33DDA9C}.Debug|Any CPU.Build.0 = Debug|Any CPU
		{69DB3051-C454-4A6E-B655-6DEAF33DDA9C}.Release|Any CPU.ActiveCfg = Release|Any CPU
		{69DB3051-C454-4A6E-B655-6DEAF33DDA9C}.Release|Any CPU.Build.0 = Release|Any CPU
	EndGlobalSection
	GlobalSection(SolutionProperties) = preSolution
		HideSolutionNode = FALSE
	EndGlobalSection
	GlobalSection(ExtensibilityGlobals) = postSolution
		SolutionGuid = {130062E6-3121-4CAE-B9F0-F2EB6DFE1D3E}
	EndGlobalSection
EndGlobal
